
Microsoft Visual Studio Solution File, Format Version 12.00
# Visual Studio Version 17
VisualStudioVersion = 17.5.002.0
MinimumVisualStudioVersion = 10.0.40219.1
Project("{2150E333-8FDC-42A3-9474-1A3956D46DE8}") = "Codecademy", "Codecademy", "{E7701A0A-4E71-4D3A-B4BF-509C0FABB7E2}"
EndProject
Project("{9A19103F-16F7-4668-BE54-9A1E7A4F7556}") = "MoneyMaker", "Codecademy\MoneyMaker\MoneyMaker.csproj", "{207DD941-3597-42E4-809D-282E21793AA2}"
EndProject
Project("{9A19103F-16F7-4668-BE54-9A1E7A4F7556}") = "GalacticAgency", "Codecademy\GalacticAgency\GalacticAgency.csproj", "{3784322D-4406-41F9-BB42-E0BA772CC09C}"
EndProject
Project("{FAE04EC0-301F-11D3-BF4B-00C04F79EFBC}") = "MadLibs", "Codecademy\MadLibs\MadLibs.csproj", "{3E7F9F8D-2CAD-4B4F-80C8-A6AB3BB425C2}"
EndProject
Project("{FAE04EC0-301F-11D3-BF4B-00C04F79EFBC}") = "SpaceExpedition", "Codecademy\SpaceExpedition\SpaceExpedition.csproj", "{C1D1F564-C7BC-4A90-B168-3C220E629651}"
EndProject
Project("{FAE04EC0-301F-11D3-BF4B-00C04F79EFBC}") = "PasswordChecker", "Codecademy\PasswordChecker\PasswordChecker.csproj", "{02F1E509-0950-40EE-9066-C0BD99674180}"
EndProject
Project("{FAE04EC0-301F-11D3-BF4B-00C04F79EFBC}") = "OwnAdventure", "Codecademy\OwnAdventure\OwnAdventure.csproj", "{4909932E-2B3D-4AE7-A030-2EC1F1DCB02B}"
EndProject
Project("{FAE04EC0-301F-11D3-BF4B-00C04F79EFBC}") = "SpaceMission", "Codecademy\SpaceMission\SpaceMission.csproj", "{1C183A23-F962-41E5-9FF6-0E81C97511AD}"
EndProject
Project("{FAE04EC0-301F-11D3-BF4B-00C04F79EFBC}") = "CeasarCipher", "Codecademy\CeasarCipher\CeasarCipher.csproj", "{A3C43D99-FEC9-4EDE-ADA4-3A05BDEBC09C}"
EndProject
Project("{FAE04EC0-301F-11D3-BF4B-00C04F79EFBC}") = "TrueOrFalse", "Codecademy\TrueOrFalse\TrueOrFalse.csproj", "{44C9BD96-AC46-4405-989B-A74AADD6F0A3}"
EndProject
Project("{FAE04EC0-301F-11D3-BF4B-00C04F79EFBC}") = "OfficeInventory", "Codecademy\OfficeInventory\OfficeInventory.csproj", "{91BD6D8F-2166-4BA2-AF7B-C083E5A90A56}"
EndProject
Project("{FAE04EC0-301F-11D3-BF4B-00C04F79EFBC}") = "ArchitectArithmatic", "Codecademy\ArchitectArithmatic\ArchitectArithmatic.csproj", "{8057D12B-F5C7-4233-9AFC-E0B2FF929E12}"
EndProject
Project("{FAE04EC0-301F-11D3-BF4B-00C04F79EFBC}") = "StellarLifeCycle", "Codecademy\StellarLifeCycle\StellarLifeCycle.csproj", "{7985B886-AD60-4315-B161-8B8E368C717A}"
EndProject
Project("{FAE04EC0-301F-11D3-BF4B-00C04F79EFBC}") = "OOYA", "Codecademy\OOYA\OOYA.csproj", "{AA359261-C11A-454E-8FF3-4744C99AA40A}"
EndProject
Project("{FAE04EC0-301F-11D3-BF4B-00C04F79EFBC}") = "Bibliography", "Codecademy\Bibliography\Bibliography.csproj", "{7F020DA3-53F7-4250-831A-44FCA2FEA3B3}"
EndProject
Project("{FAE04EC0-301F-11D3-BF4B-00C04F79EFBC}") = "Corporate", "Codecademy\Corporate\Corporate.csproj", "{617007C7-15B6-490D-AC18-7949C6C62060}"
EndProject
Project("{FAE04EC0-301F-11D3-BF4B-00C04F79EFBC}") = "AppInterface", "Codecademy\AppInterface\AppInterface.csproj", "{C5F6F569-BE45-4C21-A8E2-6ECC6248A98D}"
EndProject
Project("{FAE04EC0-301F-11D3-BF4B-00C04F79EFBC}") = "EscapeRoom", "Codecademy\EscapeRoom\EscapeRoom.csproj", "{089F2122-485C-4437-BF24-B537F4B72FD1}"
EndProject
Project("{FAE04EC0-301F-11D3-BF4B-00C04F79EFBC}") = "RoverControl", "Codecademy\RoverControl\RoverControl.csproj", "{9A98023F-FE64-4364-A6CC-EB5E5FD80AE5}"
EndProject
Project("{FAE04EC0-301F-11D3-BF4B-00C04F79EFBC}") = "CyberLibrary", "Codecademy\CyberLibrary\CyberLibrary.csproj", "{36D5A135-49B7-4A49-AE0A-29157A49A401}"
EndProject
Global
	GlobalSection(SolutionConfigurationPlatforms) = preSolution
		Debug|Any CPU = Debug|Any CPU
		Release|Any CPU = Release|Any CPU
	EndGlobalSection
	GlobalSection(ProjectConfigurationPlatforms) = postSolution
		{207DD941-3597-42E4-809D-282E21793AA2}.Debug|Any CPU.ActiveCfg = Debug|Any CPU
		{207DD941-3597-42E4-809D-282E21793AA2}.Debug|Any CPU.Build.0 = Debug|Any CPU
		{207DD941-3597-42E4-809D-282E21793AA2}.Release|Any CPU.ActiveCfg = Release|Any CPU
		{207DD941-3597-42E4-809D-282E21793AA2}.Release|Any CPU.Build.0 = Release|Any CPU
		{3784322D-4406-41F9-BB42-E0BA772CC09C}.Debug|Any CPU.ActiveCfg = Debug|Any CPU
		{3784322D-4406-41F9-BB42-E0BA772CC09C}.Debug|Any CPU.Build.0 = Debug|Any CPU
		{3784322D-4406-41F9-BB42-E0BA772CC09C}.Release|Any CPU.ActiveCfg = Release|Any CPU
		{3784322D-4406-41F9-BB42-E0BA772CC09C}.Release|Any CPU.Build.0 = Release|Any CPU
		{3E7F9F8D-2CAD-4B4F-80C8-A6AB3BB425C2}.Debug|Any CPU.ActiveCfg = Debug|Any CPU
		{3E7F9F8D-2CAD-4B4F-80C8-A6AB3BB425C2}.Debug|Any CPU.Build.0 = Debug|Any CPU
		{3E7F9F8D-2CAD-4B4F-80C8-A6AB3BB425C2}.Release|Any CPU.ActiveCfg = Release|Any CPU
		{3E7F9F8D-2CAD-4B4F-80C8-A6AB3BB425C2}.Release|Any CPU.Build.0 = Release|Any CPU
		{C1D1F564-C7BC-4A90-B168-3C220E629651}.Debug|Any CPU.ActiveCfg = Debug|Any CPU
		{C1D1F564-C7BC-4A90-B168-3C220E629651}.Debug|Any CPU.Build.0 = Debug|Any CPU
		{C1D1F564-C7BC-4A90-B168-3C220E629651}.Release|Any CPU.ActiveCfg = Release|Any CPU
		{C1D1F564-C7BC-4A90-B168-3C220E629651}.Release|Any CPU.Build.0 = Release|Any CPU
		{02F1E509-0950-40EE-9066-C0BD99674180}.Debug|Any CPU.ActiveCfg = Debug|Any CPU
		{02F1E509-0950-40EE-9066-C0BD99674180}.Debug|Any CPU.Build.0 = Debug|Any CPU
		{02F1E509-0950-40EE-9066-C0BD99674180}.Release|Any CPU.ActiveCfg = Release|Any CPU
		{02F1E509-0950-40EE-9066-C0BD99674180}.Release|Any CPU.Build.0 = Release|Any CPU
		{4909932E-2B3D-4AE7-A030-2EC1F1DCB02B}.Debug|Any CPU.ActiveCfg = Debug|Any CPU
		{4909932E-2B3D-4AE7-A030-2EC1F1DCB02B}.Debug|Any CPU.Build.0 = Debug|Any CPU
		{4909932E-2B3D-4AE7-A030-2EC1F1DCB02B}.Release|Any CPU.ActiveCfg = Release|Any CPU
		{4909932E-2B3D-4AE7-A030-2EC1F1DCB02B}.Release|Any CPU.Build.0 = Release|Any CPU
		{1C183A23-F962-41E5-9FF6-0E81C97511AD}.Debug|Any CPU.ActiveCfg = Debug|Any CPU
		{1C183A23-F962-41E5-9FF6-0E81C97511AD}.Debug|Any CPU.Build.0 = Debug|Any CPU
		{1C183A23-F962-41E5-9FF6-0E81C97511AD}.Release|Any CPU.ActiveCfg = Release|Any CPU
		{1C183A23-F962-41E5-9FF6-0E81C97511AD}.Release|Any CPU.Build.0 = Release|Any CPU
		{A3C43D99-FEC9-4EDE-ADA4-3A05BDEBC09C}.Debug|Any CPU.ActiveCfg = Debug|Any CPU
		{A3C43D99-FEC9-4EDE-ADA4-3A05BDEBC09C}.Debug|Any CPU.Build.0 = Debug|Any CPU
		{A3C43D99-FEC9-4EDE-ADA4-3A05BDEBC09C}.Release|Any CPU.ActiveCfg = Release|Any CPU
		{A3C43D99-FEC9-4EDE-ADA4-3A05BDEBC09C}.Release|Any CPU.Build.0 = Release|Any CPU
		{44C9BD96-AC46-4405-989B-A74AADD6F0A3}.Debug|Any CPU.ActiveCfg = Debug|Any CPU
		{44C9BD96-AC46-4405-989B-A74AADD6F0A3}.Debug|Any CPU.Build.0 = Debug|Any CPU
		{44C9BD96-AC46-4405-989B-A74AADD6F0A3}.Release|Any CPU.ActiveCfg = Release|Any CPU
		{44C9BD96-AC46-4405-989B-A74AADD6F0A3}.Release|Any CPU.Build.0 = Release|Any CPU
		{91BD6D8F-2166-4BA2-AF7B-C083E5A90A56}.Debug|Any CPU.ActiveCfg = Debug|Any CPU
		{91BD6D8F-2166-4BA2-AF7B-C083E5A90A56}.Debug|Any CPU.Build.0 = Debug|Any CPU
		{91BD6D8F-2166-4BA2-AF7B-C083E5A90A56}.Release|Any CPU.ActiveCfg = Release|Any CPU
		{91BD6D8F-2166-4BA2-AF7B-C083E5A90A56}.Release|Any CPU.Build.0 = Release|Any CPU
		{8057D12B-F5C7-4233-9AFC-E0B2FF929E12}.Debug|Any CPU.ActiveCfg = Debug|Any CPU
		{8057D12B-F5C7-4233-9AFC-E0B2FF929E12}.Debug|Any CPU.Build.0 = Debug|Any CPU
		{8057D12B-F5C7-4233-9AFC-E0B2FF929E12}.Release|Any CPU.ActiveCfg = Release|Any CPU
		{8057D12B-F5C7-4233-9AFC-E0B2FF929E12}.Release|Any CPU.Build.0 = Release|Any CPU
		{7985B886-AD60-4315-B161-8B8E368C717A}.Debug|Any CPU.ActiveCfg = Debug|Any CPU
		{7985B886-AD60-4315-B161-8B8E368C717A}.Debug|Any CPU.Build.0 = Debug|Any CPU
		{7985B886-AD60-4315-B161-8B8E368C717A}.Release|Any CPU.ActiveCfg = Release|Any CPU
		{7985B886-AD60-4315-B161-8B8E368C717A}.Release|Any CPU.Build.0 = Release|Any CPU
		{AA359261-C11A-454E-8FF3-4744C99AA40A}.Debug|Any CPU.ActiveCfg = Debug|Any CPU
		{AA359261-C11A-454E-8FF3-4744C99AA40A}.Debug|Any CPU.Build.0 = Debug|Any CPU
		{AA359261-C11A-454E-8FF3-4744C99AA40A}.Release|Any CPU.ActiveCfg = Release|Any CPU
		{AA359261-C11A-454E-8FF3-4744C99AA40A}.Release|Any CPU.Build.0 = Release|Any CPU
		{7F020DA3-53F7-4250-831A-44FCA2FEA3B3}.Debug|Any CPU.ActiveCfg = Debug|Any CPU
		{7F020DA3-53F7-4250-831A-44FCA2FEA3B3}.Debug|Any CPU.Build.0 = Debug|Any CPU
		{7F020DA3-53F7-4250-831A-44FCA2FEA3B3}.Release|Any CPU.ActiveCfg = Release|Any CPU
		{7F020DA3-53F7-4250-831A-44FCA2FEA3B3}.Release|Any CPU.Build.0 = Release|Any CPU
		{617007C7-15B6-490D-AC18-7949C6C62060}.Debug|Any CPU.ActiveCfg = Debug|Any CPU
		{617007C7-15B6-490D-AC18-7949C6C62060}.Debug|Any CPU.Build.0 = Debug|Any CPU
		{617007C7-15B6-490D-AC18-7949C6C62060}.Release|Any CPU.ActiveCfg = Release|Any CPU
		{617007C7-15B6-490D-AC18-7949C6C62060}.Release|Any CPU.Build.0 = Release|Any CPU
		{C5F6F569-BE45-4C21-A8E2-6ECC6248A98D}.Debug|Any CPU.ActiveCfg = Debug|Any CPU
		{C5F6F569-BE45-4C21-A8E2-6ECC6248A98D}.Debug|Any CPU.Build.0 = Debug|Any CPU
		{C5F6F569-BE45-4C21-A8E2-6ECC6248A98D}.Release|Any CPU.ActiveCfg = Release|Any CPU
		{C5F6F569-BE45-4C21-A8E2-6ECC6248A98D}.Release|Any CPU.Build.0 = Release|Any CPU
		{089F2122-485C-4437-BF24-B537F4B72FD1}.Debug|Any CPU.ActiveCfg = Debug|Any CPU
		{089F2122-485C-4437-BF24-B537F4B72FD1}.Debug|Any CPU.Build.0 = Debug|Any CPU
		{089F2122-485C-4437-BF24-B537F4B72FD1}.Release|Any CPU.ActiveCfg = Release|Any CPU
		{089F2122-485C-4437-BF24-B537F4B72FD1}.Release|Any CPU.Build.0 = Release|Any CPU
		{9A98023F-FE64-4364-A6CC-EB5E5FD80AE5}.Debug|Any CPU.ActiveCfg = Debug|Any CPU
		{9A98023F-FE64-4364-A6CC-EB5E5FD80AE5}.Debug|Any CPU.Build.0 = Debug|Any CPU
		{9A98023F-FE64-4364-A6CC-EB5E5FD80AE5}.Release|Any CPU.ActiveCfg = Release|Any CPU
		{9A98023F-FE64-4364-A6CC-EB5E5FD80AE5}.Release|Any CPU.Build.0 = Release|Any CPU
		{36D5A135-49B7-4A49-AE0A-29157A49A401}.Debug|Any CPU.ActiveCfg = Debug|Any CPU
		{36D5A135-49B7-4A49-AE0A-29157A49A401}.Debug|Any CPU.Build.0 = Debug|Any CPU
		{36D5A135-49B7-4A49-AE0A-29157A49A401}.Release|Any CPU.ActiveCfg = Release|Any CPU
		{36D5A135-49B7-4A49-AE0A-29157A49A401}.Release|Any CPU.Build.0 = Release|Any CPU
	EndGlobalSection
	GlobalSection(SolutionProperties) = preSolution
		HideSolutionNode = FALSE
	EndGlobalSection
	GlobalSection(NestedProjects) = preSolution
		{207DD941-3597-42E4-809D-282E21793AA2} = {E7701A0A-4E71-4D3A-B4BF-509C0FABB7E2}
		{3784322D-4406-41F9-BB42-E0BA772CC09C} = {E7701A0A-4E71-4D3A-B4BF-509C0FABB7E2}
		{3E7F9F8D-2CAD-4B4F-80C8-A6AB3BB425C2} = {E7701A0A-4E71-4D3A-B4BF-509C0FABB7E2}
		{C1D1F564-C7BC-4A90-B168-3C220E629651} = {E7701A0A-4E71-4D3A-B4BF-509C0FABB7E2}
		{02F1E509-0950-40EE-9066-C0BD99674180} = {E7701A0A-4E71-4D3A-B4BF-509C0FABB7E2}
		{4909932E-2B3D-4AE7-A030-2EC1F1DCB02B} = {E7701A0A-4E71-4D3A-B4BF-509C0FABB7E2}
		{1C183A23-F962-41E5-9FF6-0E81C97511AD} = {E7701A0A-4E71-4D3A-B4BF-509C0FABB7E2}
		{A3C43D99-FEC9-4EDE-ADA4-3A05BDEBC09C} = {E7701A0A-4E71-4D3A-B4BF-509C0FABB7E2}
		{44C9BD96-AC46-4405-989B-A74AADD6F0A3} = {E7701A0A-4E71-4D3A-B4BF-509C0FABB7E2}
		{91BD6D8F-2166-4BA2-AF7B-C083E5A90A56} = {E7701A0A-4E71-4D3A-B4BF-509C0FABB7E2}
		{8057D12B-F5C7-4233-9AFC-E0B2FF929E12} = {E7701A0A-4E71-4D3A-B4BF-509C0FABB7E2}
		{7985B886-AD60-4315-B161-8B8E368C717A} = {E7701A0A-4E71-4D3A-B4BF-509C0FABB7E2}
		{AA359261-C11A-454E-8FF3-4744C99AA40A} = {E7701A0A-4E71-4D3A-B4BF-509C0FABB7E2}
		{7F020DA3-53F7-4250-831A-44FCA2FEA3B3} = {E7701A0A-4E71-4D3A-B4BF-509C0FABB7E2}
		{617007C7-15B6-490D-AC18-7949C6C62060} = {E7701A0A-4E71-4D3A-B4BF-509C0FABB7E2}
		{C5F6F569-BE45-4C21-A8E2-6ECC6248A98D} = {E7701A0A-4E71-4D3A-B4BF-509C0FABB7E2}
		{089F2122-485C-4437-BF24-B537F4B72FD1} = {E7701A0A-4E71-4D3A-B4BF-509C0FABB7E2}
		{9A98023F-FE64-4364-A6CC-EB5E5FD80AE5} = {E7701A0A-4E71-4D3A-B4BF-509C0FABB7E2}
		{36D5A135-49B7-4A49-AE0A-29157A49A401} = {E7701A0A-4E71-4D3A-B4BF-509C0FABB7E2}
	EndGlobalSection
	GlobalSection(ExtensibilityGlobals) = postSolution
		SolutionGuid = {8EECB227-5FD7-4E22-AC2C-372BC213BD29}
	EndGlobalSection
EndGlobal
